
Microsoft Visual Studio Solution File, Format Version 12.00
# Visual Studio Version 16
VisualStudioVersion = 16.6.30114.105
MinimumVisualStudioVersion = 10.0.40219.1
Project("{2150E333-8FDC-42A3-9474-1A3956D46DE8}") = "src", "src", "{8EEED8C2-7913-48CE-AB2F-465F72B6B136}"
EndProject
Project("{9A19103F-16F7-4668-BE54-9A1E7A4F7556}") = "SimpleAPI", "src\SimpleAPI\SimpleAPI.csproj", "{7D808735-3177-4073-A499-C94E01C17F4D}"
EndProject
Project("{2150E333-8FDC-42A3-9474-1A3956D46DE8}") = "test", "test", "{157FAA84-D4B5-4EE9-9C8A-2718110BD9AD}"
EndProject
Project("{9A19103F-16F7-4668-BE54-9A1E7A4F7556}") = "SimpleAPI.Test", "test\SimpleAPI.Test\SimpleAPI.Test.csproj", "{8D045002-AC6A-4D34-851A-DE02517C93B1}"
EndProject
Project("{2150E333-8FDC-42A3-9474-1A3956D46DE8}") = "Models", "Models", "{40B2BF74-B9DA-471F-A7A4-9A16561929A8}"
EndProject
Project("{FAE04EC0-301F-11D3-BF4B-00C04F79EFBC}") = "SimpleAPI.Model", "SimpleAPI.Model\SimpleAPI.Model.csproj", "{DE8C7918-44D6-4D38-975B-F791F0E3468E}"
EndProject
Global
	GlobalSection(SolutionConfigurationPlatforms) = preSolution
		Debug|Any CPU = Debug|Any CPU
		Debug|x64 = Debug|x64
		Debug|x86 = Debug|x86
		Release|Any CPU = Release|Any CPU
		Release|x64 = Release|x64
		Release|x86 = Release|x86
	EndGlobalSection
	GlobalSection(ProjectConfigurationPlatforms) = postSolution
		{7D808735-3177-4073-A499-C94E01C17F4D}.Debug|Any CPU.ActiveCfg = Debug|Any CPU
		{7D808735-3177-4073-A499-C94E01C17F4D}.Debug|Any CPU.Build.0 = Debug|Any CPU
		{7D808735-3177-4073-A499-C94E01C17F4D}.Debug|x64.ActiveCfg = Debug|Any CPU
		{7D808735-3177-4073-A499-C94E01C17F4D}.Debug|x64.Build.0 = Debug|Any CPU
		{7D808735-3177-4073-A499-C94E01C17F4D}.Debug|x86.ActiveCfg = Debug|Any CPU
		{7D808735-3177-4073-A499-C94E01C17F4D}.Debug|x86.Build.0 = Debug|Any CPU
		{7D808735-3177-4073-A499-C94E01C17F4D}.Release|Any CPU.ActiveCfg = Release|Any CPU
		{7D808735-3177-4073-A499-C94E01C17F4D}.Release|Any CPU.Build.0 = Release|Any CPU
		{7D808735-3177-4073-A499-C94E01C17F4D}.Release|x64.ActiveCfg = Release|Any CPU
		{7D808735-3177-4073-A499-C94E01C17F4D}.Release|x64.Build.0 = Release|Any CPU
		{7D808735-3177-4073-A499-C94E01C17F4D}.Release|x86.ActiveCfg = Release|Any CPU
		{7D808735-3177-4073-A499-C94E01C17F4D}.Release|x86.Build.0 = Release|Any CPU
		{8D045002-AC6A-4D34-851A-DE02517C93B1}.Debug|Any CPU.ActiveCfg = Debug|Any CPU
		{8D045002-AC6A-4D34-851A-DE02517C93B1}.Debug|Any CPU.Build.0 = Debug|Any CPU
		{8D045002-AC6A-4D34-851A-DE02517C93B1}.Debug|x64.ActiveCfg = Debug|Any CPU
		{8D045002-AC6A-4D34-851A-DE02517C93B1}.Debug|x64.Build.0 = Debug|Any CPU
		{8D045002-AC6A-4D34-851A-DE02517C93B1}.Debug|x86.ActiveCfg = Debug|Any CPU
		{8D045002-AC6A-4D34-851A-DE02517C93B1}.Debug|x86.Build.0 = Debug|Any CPU
		{8D045002-AC6A-4D34-851A-DE02517C93B1}.Release|Any CPU.ActiveCfg = Release|Any CPU
		{8D045002-AC6A-4D34-851A-DE02517C93B1}.Release|Any CPU.Build.0 = Release|Any CPU
		{8D045002-AC6A-4D34-851A-DE02517C93B1}.Release|x64.ActiveCfg = Release|Any CPU
		{8D045002-AC6A-4D34-851A-DE02517C93B1}.Release|x64.Build.0 = Release|Any CPU
		{8D045002-AC6A-4D34-851A-DE02517C93B1}.Release|x86.ActiveCfg = Release|Any CPU
		{8D045002-AC6A-4D34-851A-DE02517C93B1}.Release|x86.Build.0 = Release|Any CPU
		{DE8C7918-44D6-4D38-975B-F791F0E3468E}.Debug|Any CPU.ActiveCfg = Debug|Any CPU
		{DE8C7918-44D6-4D38-975B-F791F0E3468E}.Debug|Any CPU.Build.0 = Debug|Any CPU
		{DE8C7918-44D6-4D38-975B-F791F0E3468E}.Debug|x64.ActiveCfg = Debug|Any CPU
		{DE8C7918-44D6-4D38-975B-F791F0E3468E}.Debug|x64.Build.0 = Debug|Any CPU
		{DE8C7918-44D6-4D38-975B-F791F0E3468E}.Debug|x86.ActiveCfg = Debug|Any CPU
		{DE8C7918-44D6-4D38-975B-F791F0E3468E}.Debug|x86.Build.0 = Debug|Any CPU
		{DE8C7918-44D6-4D38-975B-F791F0E3468E}.Release|Any CPU.ActiveCfg = Release|Any CPU
		{DE8C7918-44D6-4D38-975B-F791F0E3468E}.Release|Any CPU.Build.0 = Release|Any CPU
		{DE8C7918-44D6-4D38-975B-F791F0E3468E}.Release|x64.ActiveCfg = Release|Any CPU
		{DE8C7918-44D6-4D38-975B-F791F0E3468E}.Release|x64.Build.0 = Release|Any CPU
		{DE8C7918-44D6-4D38-975B-F791F0E3468E}.Release|x86.ActiveCfg = Release|Any CPU
		{DE8C7918-44D6-4D38-975B-F791F0E3468E}.Release|x86.Build.0 = Release|Any CPU
	EndGlobalSection
	GlobalSection(SolutionProperties) = preSolution
		HideSolutionNode = FALSE
	EndGlobalSection
	GlobalSection(NestedProjects) = preSolution
		{7D808735-3177-4073-A499-C94E01C17F4D} = {8EEED8C2-7913-48CE-AB2F-465F72B6B136}
		{8D045002-AC6A-4D34-851A-DE02517C93B1} = {157FAA84-D4B5-4EE9-9C8A-2718110BD9AD}
		{DE8C7918-44D6-4D38-975B-F791F0E3468E} = {40B2BF74-B9DA-471F-A7A4-9A16561929A8}
	EndGlobalSection
	GlobalSection(ExtensibilityGlobals) = postSolution
		SolutionGuid = {3CAE0FF0-6E61-44F0-839B-8E034728ABE2}
	EndGlobalSection
EndGlobal
